
Microsoft Visual Studio Solution File, Format Version 12.00
# Visual Studio Version 16
VisualStudioVersion = 16.0.29728.190
MinimumVisualStudioVersion = 10.0.40219.1
Project("{FAE04EC0-301F-11D3-BF4B-00C04F79EFBC}") = "ZRenamer", "ZRenamer\ZRenamer.csproj", "{ABDEDA81-48BF-4E29-95F6-324D18C9139D}"
EndProject
Global
	GlobalSection(SolutionConfigurationPlatforms) = preSolution
		Debug|Any CPU = Debug|Any CPU
		Release|Any CPU = Release|Any CPU
	EndGlobalSection
	GlobalSection(ProjectConfigurationPlatforms) = postSolution
		{ABDEDA81-48BF-4E29-95F6-324D18C9139D}.Debug|Any CPU.ActiveCfg = Debug|Any CPU
		{ABDEDA81-48BF-4E29-95F6-324D18C9139D}.Debug|Any CPU.Build.0 = Debug|Any CPU
		{ABDEDA81-48BF-4E29-95F6-324D18C9139D}.Release|Any CPU.ActiveCfg = Release|Any CPU
		{ABDEDA81-48BF-4E29-95F6-324D18C9139D}.Release|Any CPU.Build.0 = Release|Any CPU
	EndGlobalSection
	GlobalSection(SolutionProperties) = preSolution
		HideSolutionNode = FALSE
	EndGlobalSection
	GlobalSection(ExtensibilityGlobals) = postSolution
		SolutionGuid = {ADADD910-6880-4A2B-A275-9BBAED4465C6}
	EndGlobalSection
EndGlobal
